
Microsoft Visual Studio Solution File, Format Version 12.00
# Visual Studio Version 17
VisualStudioVersion = 17.1.32228.430
MinimumVisualStudioVersion = 10.0.40219.1
Project("{9A19103F-16F7-4668-BE54-9A1E7A4F7556}") = "ERP.EntityFramework", "ERP.EntityFramework\ERP.EntityFramework.csproj", "{8879393F-7BC3-47F4-AFF4-E08D2B8EED01}"
EndProject
Project("{9A19103F-16F7-4668-BE54-9A1E7A4F7556}") = "ERP.Domain", "ERP.Domain\ERP.Domain.csproj", "{34D7668E-9342-45F8-B557-CD1038111905}"
EndProject
Project("{FAE04EC0-301F-11D3-BF4B-00C04F79EFBC}") = "ERP.WPF", "ERP.WPF\ERP.WPF.csproj", "{8BB8D23D-C9BD-4DD9-86AF-B8353B06124A}"
EndProject
Global
	GlobalSection(SolutionConfigurationPlatforms) = preSolution
		Debug|Any CPU = Debug|Any CPU
		Release|Any CPU = Release|Any CPU
	EndGlobalSection
	GlobalSection(ProjectConfigurationPlatforms) = postSolution
		{8879393F-7BC3-47F4-AFF4-E08D2B8EED01}.Debug|Any CPU.ActiveCfg = Debug|Any CPU
		{8879393F-7BC3-47F4-AFF4-E08D2B8EED01}.Debug|Any CPU.Build.0 = Debug|Any CPU
		{8879393F-7BC3-47F4-AFF4-E08D2B8EED01}.Release|Any CPU.ActiveCfg = Release|Any CPU
		{8879393F-7BC3-47F4-AFF4-E08D2B8EED01}.Release|Any CPU.Build.0 = Release|Any CPU
		{34D7668E-9342-45F8-B557-CD1038111905}.Debug|Any CPU.ActiveCfg = Debug|Any CPU
		{34D7668E-9342-45F8-B557-CD1038111905}.Debug|Any CPU.Build.0 = Debug|Any CPU
		{34D7668E-9342-45F8-B557-CD1038111905}.Release|Any CPU.ActiveCfg = Release|Any CPU
		{34D7668E-9342-45F8-B557-CD1038111905}.Release|Any CPU.Build.0 = Release|Any CPU
		{8BB8D23D-C9BD-4DD9-86AF-B8353B06124A}.Debug|Any CPU.ActiveCfg = Debug|Any CPU
		{8BB8D23D-C9BD-4DD9-86AF-B8353B06124A}.Debug|Any CPU.Build.0 = Debug|Any CPU
		{8BB8D23D-C9BD-4DD9-86AF-B8353B06124A}.Release|Any CPU.ActiveCfg = Release|Any CPU
		{8BB8D23D-C9BD-4DD9-86AF-B8353B06124A}.Release|Any CPU.Build.0 = Release|Any CPU
	EndGlobalSection
	GlobalSection(SolutionProperties) = preSolution
		HideSolutionNode = FALSE
	EndGlobalSection
	GlobalSection(ExtensibilityGlobals) = postSolution
		SolutionGuid = {ED10074D-5B9E-4746-9D6A-61B07888C111}
	EndGlobalSection
EndGlobal
